// !$*UTF8*$!
{
	archiveVersion = 1;
	classes = {
	};
	objectVersion = 46;
	objects = {

/* Begin PBXBuildFile section */
		3D783EC8ECDF7A3D315F4310 /* Pods_SPARCoreTests.framework in Frameworks */ = {isa = PBXBuildFile; fileRef = 9875B68E8CA71B22ECACABE9 /* Pods_SPARCoreTests.framework */; };
		7463DD331DC3EE5900A5F77A /* Main.storyboard in Resources */ = {isa = PBXBuildFile; fileRef = 7463DD311DC3EE5900A5F77A /* Main.storyboard */; };
		7463DD3B1DC3EE5900A5F77A /* LaunchScreen.storyboard in Resources */ = {isa = PBXBuildFile; fileRef = 7463DD391DC3EE5900A5F77A /* LaunchScreen.storyboard */; };
		8BF28F5C9F4B74E08F59801B /* Pods_Publications.framework in Frameworks */ = {isa = PBXBuildFile; fileRef = F1DD39AF6937B83A9FA0EA41 /* Pods_Publications.framework */; };
		ABE7CF946E928AFCB09C7477 /* Pods_SPARCore.framework in Frameworks */ = {isa = PBXBuildFile; fileRef = 2E4B7A606C592C091CC6D785 /* Pods_SPARCore.framework */; };
		C788AD041E50F06700738844 /* GADArticle.h in Headers */ = {isa = PBXBuildFile; fileRef = C788AD021E50F06700738844 /* GADArticle.h */; };
		C788AD051E50F06700738844 /* GADArticle.m in Sources */ = {isa = PBXBuildFile; fileRef = C788AD031E50F06700738844 /* GADArticle.m */; };
		C7EC49CE1E5E4A2B00730C67 /* testArticles.json in Resources */ = {isa = PBXBuildFile; fileRef = C7EC49CD1E5E4A2B00730C67 /* testArticles.json */; };
		FA26FF3C1E4F71FB00A346CC /* Assets.xcassets in Resources */ = {isa = PBXBuildFile; fileRef = 7463DD371DC3EE5900A5F77A /* Assets.xcassets */; };
		FA7DCC4B1E4F730D00C84A73 /* MenuController.swift in Sources */ = {isa = PBXBuildFile; fileRef = 7463DD631DC3F3CB00A5F77A /* MenuController.swift */; };
		FA7DCC4C1E4F730D00C84A73 /* NewsTableViewController.swift in Sources */ = {isa = PBXBuildFile; fileRef = 7463DD651DC3F43F00A5F77A /* NewsTableViewController.swift */; };
		FA7DCC4D1E4F730D00C84A73 /* NewsTableViewCell.swift in Sources */ = {isa = PBXBuildFile; fileRef = 7463DD671DC3F4B700A5F77A /* NewsTableViewCell.swift */; };
		FA7DCC4E1E4F730D00C84A73 /* PhotoViewController.swift in Sources */ = {isa = PBXBuildFile; fileRef = 7463DD691DC3F50F00A5F77A /* PhotoViewController.swift */; };
		FA7DCC4F1E4F730D00C84A73 /* PublicationsViewController.swift in Sources */ = {isa = PBXBuildFile; fileRef = 74B0BDC91DC6762B009D0256 /* PublicationsViewController.swift */; };
		FA7DCC501E4F730D00C84A73 /* ProfileViewController.swift in Sources */ = {isa = PBXBuildFile; fileRef = 74B0BDCB1DC6763A009D0256 /* ProfileViewController.swift */; };
		FA7DCC511E4F730D00C84A73 /* BookmarkViewController.swift in Sources */ = {isa = PBXBuildFile; fileRef = 74B0BDCD1DC6764A009D0256 /* BookmarkViewController.swift */; };
		FA7DCC521E4F730D00C84A73 /* SettingViewController.swift in Sources */ = {isa = PBXBuildFile; fileRef = 74B0BDCF1DC67663009D0256 /* SettingViewController.swift */; };
		FA7DCC531E4F730D00C84A73 /* ArticleViewController.swift in Sources */ = {isa = PBXBuildFile; fileRef = 7483F6181DCAB1D500F97DF0 /* ArticleViewController.swift */; };
		FA7DCC561E4F733000C84A73 /* Publications.xcdatamodeld in Sources */ = {isa = PBXBuildFile; fileRef = FA6BF14B1E4F653D008FB165 /* Publications.xcdatamodeld */; };
		FA7DCC581E4F739900C84A73 /* AppDelegate.swift in Sources */ = {isa = PBXBuildFile; fileRef = FA7DCC571E4F739900C84A73 /* AppDelegate.swift */; };
		FA7DCC671E4F75F300C84A73 /* SPARCore.framework in Frameworks */ = {isa = PBXBuildFile; fileRef = FA7DCC5E1E4F75F300C84A73 /* SPARCore.framework */; };
		FA7DCC6E1E4F75F300C84A73 /* SPARCoreTests.m in Sources */ = {isa = PBXBuildFile; fileRef = FA7DCC6D1E4F75F300C84A73 /* SPARCoreTests.m */; };
		FA7DCC701E4F75F300C84A73 /* SPARCore.h in Headers */ = {isa = PBXBuildFile; fileRef = FA7DCC601E4F75F300C84A73 /* SPARCore.h */; settings = {ATTRIBUTES = (Public, ); }; };
		FA7DCC731E4F75F300C84A73 /* SPARCore.framework in Frameworks */ = {isa = PBXBuildFile; fileRef = FA7DCC5E1E4F75F300C84A73 /* SPARCore.framework */; };
		FA7DCC741E4F75F300C84A73 /* SPARCore.framework in Embed Frameworks */ = {isa = PBXBuildFile; fileRef = FA7DCC5E1E4F75F300C84A73 /* SPARCore.framework */; settings = {ATTRIBUTES = (CodeSignOnCopy, RemoveHeadersOnCopy, ); }; };
		FA7DCC7E1E4F765200C84A73 /* SPARCDemo.h in Headers */ = {isa = PBXBuildFile; fileRef = FA7DCC7C1E4F765200C84A73 /* SPARCDemo.h */; settings = {ATTRIBUTES = (Public, ); }; };
		FA7DCC7F1E4F765200C84A73 /* SPARCDemo.m in Sources */ = {isa = PBXBuildFile; fileRef = FA7DCC7D1E4F765200C84A73 /* SPARCDemo.m */; };
		FADEDE131E5396B500048D80 /* TextNewsTableViewCell.swift in Sources */ = {isa = PBXBuildFile; fileRef = FADEDE121E5396B500048D80 /* TextNewsTableViewCell.swift */; };
/* End PBXBuildFile section */

/* Begin PBXContainerItemProxy section */
		FA7DCC681E4F75F300C84A73 /* PBXContainerItemProxy */ = {
			isa = PBXContainerItemProxy;
			containerPortal = 7463DD221DC3EE5900A5F77A /* Project object */;
			proxyType = 1;
			remoteGlobalIDString = FA7DCC5D1E4F75F300C84A73;
			remoteInfo = SPARCore;
		};
		FA7DCC6A1E4F75F300C84A73 /* PBXContainerItemProxy */ = {
			isa = PBXContainerItemProxy;
			containerPortal = 7463DD221DC3EE5900A5F77A /* Project object */;
			proxyType = 1;
			remoteGlobalIDString = 7463DD291DC3EE5900A5F77A;
			remoteInfo = Publications;
		};
		FA7DCC711E4F75F300C84A73 /* PBXContainerItemProxy */ = {
			isa = PBXContainerItemProxy;
			containerPortal = 7463DD221DC3EE5900A5F77A /* Project object */;
			proxyType = 1;
			remoteGlobalIDString = FA7DCC5D1E4F75F300C84A73;
			remoteInfo = SPARCore;
		};
/* End PBXContainerItemProxy section */

/* Begin PBXCopyFilesBuildPhase section */
		FA7DCC781E4F75F300C84A73 /* Embed Frameworks */ = {
			isa = PBXCopyFilesBuildPhase;
			buildActionMask = 2147483647;
			dstPath = "";
			dstSubfolderSpec = 10;
			files = (
				FA7DCC741E4F75F300C84A73 /* SPARCore.framework in Embed Frameworks */,
			);
			name = "Embed Frameworks";
			runOnlyForDeploymentPostprocessing = 0;
		};
/* End PBXCopyFilesBuildPhase section */

/* Begin PBXFileReference section */
		0A0C2C1A6E9AFB8CAE0C2C35 /* Pods-SPARCoreTests.release.xcconfig */ = {isa = PBXFileReference; includeInIndex = 1; lastKnownFileType = text.xcconfig; name = "Pods-SPARCoreTests.release.xcconfig"; path = "Pods/Target Support Files/Pods-SPARCoreTests/Pods-SPARCoreTests.release.xcconfig"; sourceTree = "<group>"; };
		2E4B7A606C592C091CC6D785 /* Pods_SPARCore.framework */ = {isa = PBXFileReference; explicitFileType = wrapper.framework; includeInIndex = 0; path = Pods_SPARCore.framework; sourceTree = BUILT_PRODUCTS_DIR; };
		34E556C7C718DC75C6BB785C /* Pods-SPARCoreTests.debug.xcconfig */ = {isa = PBXFileReference; includeInIndex = 1; lastKnownFileType = text.xcconfig; name = "Pods-SPARCoreTests.debug.xcconfig"; path = "Pods/Target Support Files/Pods-SPARCoreTests/Pods-SPARCoreTests.debug.xcconfig"; sourceTree = "<group>"; };
		41F948B420585C287B279280 /* Pods-SPARCore.release.xcconfig */ = {isa = PBXFileReference; includeInIndex = 1; lastKnownFileType = text.xcconfig; name = "Pods-SPARCore.release.xcconfig"; path = "Pods/Target Support Files/Pods-SPARCore/Pods-SPARCore.release.xcconfig"; sourceTree = "<group>"; };
		5C60243482D619345316D69A /* Pods-SPARCore.debug.xcconfig */ = {isa = PBXFileReference; includeInIndex = 1; lastKnownFileType = text.xcconfig; name = "Pods-SPARCore.debug.xcconfig"; path = "Pods/Target Support Files/Pods-SPARCore/Pods-SPARCore.debug.xcconfig"; sourceTree = "<group>"; };
		7463DD2A1DC3EE5900A5F77A /* Publications.app */ = {isa = PBXFileReference; explicitFileType = wrapper.application; includeInIndex = 0; path = Publications.app; sourceTree = BUILT_PRODUCTS_DIR; };
		7463DD321DC3EE5900A5F77A /* Base */ = {isa = PBXFileReference; lastKnownFileType = file.storyboard; name = Base; path = Base.lproj/Main.storyboard; sourceTree = "<group>"; };
		7463DD371DC3EE5900A5F77A /* Assets.xcassets */ = {isa = PBXFileReference; lastKnownFileType = folder.assetcatalog; path = Assets.xcassets; sourceTree = "<group>"; };
		7463DD3A1DC3EE5900A5F77A /* Base */ = {isa = PBXFileReference; lastKnownFileType = file.storyboard; name = Base; path = Base.lproj/LaunchScreen.storyboard; sourceTree = "<group>"; };
		7463DD3C1DC3EE5900A5F77A /* Info.plist */ = {isa = PBXFileReference; lastKnownFileType = text.plist.xml; path = Info.plist; sourceTree = "<group>"; };
		7463DD5F1DC3EEAD00A5F77A /* Bridging-Header.h */ = {isa = PBXFileReference; lastKnownFileType = sourcecode.c.h; path = "Bridging-Header.h"; sourceTree = "<group>"; };
		7463DD631DC3F3CB00A5F77A /* MenuController.swift */ = {isa = PBXFileReference; fileEncoding = 4; lastKnownFileType = sourcecode.swift; path = MenuController.swift; sourceTree = "<group>"; };
		7463DD651DC3F43F00A5F77A /* NewsTableViewController.swift */ = {isa = PBXFileReference; fileEncoding = 4; lastKnownFileType = sourcecode.swift; path = NewsTableViewController.swift; sourceTree = "<group>"; };
		7463DD671DC3F4B700A5F77A /* NewsTableViewCell.swift */ = {isa = PBXFileReference; fileEncoding = 4; lastKnownFileType = sourcecode.swift; path = NewsTableViewCell.swift; sourceTree = "<group>"; };
		7463DD691DC3F50F00A5F77A /* PhotoViewController.swift */ = {isa = PBXFileReference; fileEncoding = 4; lastKnownFileType = sourcecode.swift; path = PhotoViewController.swift; sourceTree = "<group>"; };
		7483F6181DCAB1D500F97DF0 /* ArticleViewController.swift */ = {isa = PBXFileReference; fileEncoding = 4; lastKnownFileType = sourcecode.swift; path = ArticleViewController.swift; sourceTree = "<group>"; };
		74B0BDC91DC6762B009D0256 /* PublicationsViewController.swift */ = {isa = PBXFileReference; fileEncoding = 4; lastKnownFileType = sourcecode.swift; path = PublicationsViewController.swift; sourceTree = "<group>"; };
		74B0BDCB1DC6763A009D0256 /* ProfileViewController.swift */ = {isa = PBXFileReference; fileEncoding = 4; lastKnownFileType = sourcecode.swift; path = ProfileViewController.swift; sourceTree = "<group>"; };
		74B0BDCD1DC6764A009D0256 /* BookmarkViewController.swift */ = {isa = PBXFileReference; fileEncoding = 4; lastKnownFileType = sourcecode.swift; path = BookmarkViewController.swift; sourceTree = "<group>"; };
		74B0BDCF1DC67663009D0256 /* SettingViewController.swift */ = {isa = PBXFileReference; fileEncoding = 4; lastKnownFileType = sourcecode.swift; path = SettingViewController.swift; sourceTree = "<group>"; };
		9875B68E8CA71B22ECACABE9 /* Pods_SPARCoreTests.framework */ = {isa = PBXFileReference; explicitFileType = wrapper.framework; includeInIndex = 0; path = Pods_SPARCoreTests.framework; sourceTree = BUILT_PRODUCTS_DIR; };
		A1B7F5996606B3C5D5769CB5 /* Pods-Publications.release.xcconfig */ = {isa = PBXFileReference; includeInIndex = 1; lastKnownFileType = text.xcconfig; name = "Pods-Publications.release.xcconfig"; path = "Pods/Target Support Files/Pods-Publications/Pods-Publications.release.xcconfig"; sourceTree = "<group>"; };
		AEAC1733BFDE505F1BFFBEE0 /* Pods-Publications.debug.xcconfig */ = {isa = PBXFileReference; includeInIndex = 1; lastKnownFileType = text.xcconfig; name = "Pods-Publications.debug.xcconfig"; path = "Pods/Target Support Files/Pods-Publications/Pods-Publications.debug.xcconfig"; sourceTree = "<group>"; };
		C788AD021E50F06700738844 /* GADArticle.h */ = {isa = PBXFileReference; fileEncoding = 4; lastKnownFileType = sourcecode.c.h; path = GADArticle.h; sourceTree = "<group>"; };
		C788AD031E50F06700738844 /* GADArticle.m */ = {isa = PBXFileReference; fileEncoding = 4; lastKnownFileType = sourcecode.c.objc; path = GADArticle.m; sourceTree = "<group>"; };
		C7EC49CD1E5E4A2B00730C67 /* testArticles.json */ = {isa = PBXFileReference; fileEncoding = 4; lastKnownFileType = text.json; path = testArticles.json; sourceTree = "<group>"; };
		F1DD39AF6937B83A9FA0EA41 /* Pods_Publications.framework */ = {isa = PBXFileReference; explicitFileType = wrapper.framework; includeInIndex = 0; path = Pods_Publications.framework; sourceTree = BUILT_PRODUCTS_DIR; };
		FA6BF14C1E4F653D008FB165 /* Publications.xcdatamodel */ = {isa = PBXFileReference; lastKnownFileType = wrapper.xcdatamodel; path = Publications.xcdatamodel; sourceTree = "<group>"; };
		FA7DCC571E4F739900C84A73 /* AppDelegate.swift */ = {isa = PBXFileReference; fileEncoding = 4; lastKnownFileType = sourcecode.swift; path = AppDelegate.swift; sourceTree = "<group>"; };
		FA7DCC5E1E4F75F300C84A73 /* SPARCore.framework */ = {isa = PBXFileReference; explicitFileType = wrapper.framework; includeInIndex = 0; path = SPARCore.framework; sourceTree = BUILT_PRODUCTS_DIR; };
		FA7DCC601E4F75F300C84A73 /* SPARCore.h */ = {isa = PBXFileReference; lastKnownFileType = sourcecode.c.h; path = SPARCore.h; sourceTree = "<group>"; };
		FA7DCC611E4F75F300C84A73 /* Info.plist */ = {isa = PBXFileReference; lastKnownFileType = text.plist.xml; path = Info.plist; sourceTree = "<group>"; };
		FA7DCC661E4F75F300C84A73 /* SPARCoreTests.xctest */ = {isa = PBXFileReference; explicitFileType = wrapper.cfbundle; includeInIndex = 0; path = SPARCoreTests.xctest; sourceTree = BUILT_PRODUCTS_DIR; };
		FA7DCC6D1E4F75F300C84A73 /* SPARCoreTests.m */ = {isa = PBXFileReference; lastKnownFileType = sourcecode.c.objc; path = SPARCoreTests.m; sourceTree = "<group>"; };
		FA7DCC6F1E4F75F300C84A73 /* Info.plist */ = {isa = PBXFileReference; lastKnownFileType = text.plist.xml; path = Info.plist; sourceTree = "<group>"; };
		FA7DCC7C1E4F765200C84A73 /* SPARCDemo.h */ = {isa = PBXFileReference; fileEncoding = 4; lastKnownFileType = sourcecode.c.h; path = SPARCDemo.h; sourceTree = "<group>"; };
		FA7DCC7D1E4F765200C84A73 /* SPARCDemo.m */ = {isa = PBXFileReference; fileEncoding = 4; lastKnownFileType = sourcecode.c.objc; path = SPARCDemo.m; sourceTree = "<group>"; };
		FADEDE121E5396B500048D80 /* TextNewsTableViewCell.swift */ = {isa = PBXFileReference; fileEncoding = 4; lastKnownFileType = sourcecode.swift; path = TextNewsTableViewCell.swift; sourceTree = "<group>"; };
/* End PBXFileReference section */

/* Begin PBXFrameworksBuildPhase section */
		7463DD271DC3EE5900A5F77A /* Frameworks */ = {
			isa = PBXFrameworksBuildPhase;
			buildActionMask = 2147483647;
			files = (
				FA7DCC731E4F75F300C84A73 /* SPARCore.framework in Frameworks */,
				8BF28F5C9F4B74E08F59801B /* Pods_Publications.framework in Frameworks */,
			);
			runOnlyForDeploymentPostprocessing = 0;
		};
		FA7DCC5A1E4F75F300C84A73 /* Frameworks */ = {
			isa = PBXFrameworksBuildPhase;
			buildActionMask = 2147483647;
			files = (
				ABE7CF946E928AFCB09C7477 /* Pods_SPARCore.framework in Frameworks */,
			);
			runOnlyForDeploymentPostprocessing = 0;
		};
		FA7DCC631E4F75F300C84A73 /* Frameworks */ = {
			isa = PBXFrameworksBuildPhase;
			buildActionMask = 2147483647;
			files = (
				FA7DCC671E4F75F300C84A73 /* SPARCore.framework in Frameworks */,
				3D783EC8ECDF7A3D315F4310 /* Pods_SPARCoreTests.framework in Frameworks */,
			);
			runOnlyForDeploymentPostprocessing = 0;
		};
/* End PBXFrameworksBuildPhase section */

/* Begin PBXGroup section */
		0E35FCCE5CFB1B2BF1B0F955 /* Frameworks */ = {
			isa = PBXGroup;
			children = (
				F1DD39AF6937B83A9FA0EA41 /* Pods_Publications.framework */,
				2E4B7A606C592C091CC6D785 /* Pods_SPARCore.framework */,
				9875B68E8CA71B22ECACABE9 /* Pods_SPARCoreTests.framework */,
			);
			name = Frameworks;
			sourceTree = "<group>";
		};
		7463DD211DC3EE5900A5F77A = {
			isa = PBXGroup;
			children = (
				7463DD2C1DC3EE5900A5F77A /* App */,
				FA7DCC5F1E4F75F300C84A73 /* SPARCore */,
				7463DD2B1DC3EE5900A5F77A /* Products */,
				CEAD1DDB13489766275CE60E /* Pods */,
				0E35FCCE5CFB1B2BF1B0F955 /* Frameworks */,
			);
			sourceTree = "<group>";
		};
		7463DD2B1DC3EE5900A5F77A /* Products */ = {
			isa = PBXGroup;
			children = (
				7463DD2A1DC3EE5900A5F77A /* Publications.app */,
				FA7DCC5E1E4F75F300C84A73 /* SPARCore.framework */,
				FA7DCC661E4F75F300C84A73 /* SPARCoreTests.xctest */,
			);
			name = Products;
			sourceTree = "<group>";
		};
		7463DD2C1DC3EE5900A5F77A /* App */ = {
			isa = PBXGroup;
			children = (
				FA34ED2F1E4F7C7D003651E1 /* Cells */,
				FA34ED2E1E4F7C60003651E1 /* ViewControllers */,
				FA34ED2D1E4F7C55003651E1 /* Storyboards */,
				FA34ED2C1E4F7C3A003651E1 /* Internals */,
				7463DD371DC3EE5900A5F77A /* Assets.xcassets */,
				FA6BF14B1E4F653D008FB165 /* Publications.xcdatamodeld */,
			);
			name = App;
			path = Publications;
			sourceTree = "<group>";
		};
		CEAD1DDB13489766275CE60E /* Pods */ = {
			isa = PBXGroup;
			children = (
				AEAC1733BFDE505F1BFFBEE0 /* Pods-Publications.debug.xcconfig */,
				A1B7F5996606B3C5D5769CB5 /* Pods-Publications.release.xcconfig */,
				5C60243482D619345316D69A /* Pods-SPARCore.debug.xcconfig */,
				41F948B420585C287B279280 /* Pods-SPARCore.release.xcconfig */,
				34E556C7C718DC75C6BB785C /* Pods-SPARCoreTests.debug.xcconfig */,
				0A0C2C1A6E9AFB8CAE0C2C35 /* Pods-SPARCoreTests.release.xcconfig */,
			);
			name = Pods;
			sourceTree = "<group>";
		};
		FA34ED2C1E4F7C3A003651E1 /* Internals */ = {
			isa = PBXGroup;
			children = (
				FA7DCC571E4F739900C84A73 /* AppDelegate.swift */,
				7463DD3C1DC3EE5900A5F77A /* Info.plist */,
				7463DD5F1DC3EEAD00A5F77A /* Bridging-Header.h */,
			);
			name = Internals;
			sourceTree = "<group>";
		};
		FA34ED2D1E4F7C55003651E1 /* Storyboards */ = {
			isa = PBXGroup;
			children = (
				7463DD311DC3EE5900A5F77A /* Main.storyboard */,
				7463DD391DC3EE5900A5F77A /* LaunchScreen.storyboard */,
			);
			name = Storyboards;
			sourceTree = "<group>";
		};
		FA34ED2E1E4F7C60003651E1 /* ViewControllers */ = {
			isa = PBXGroup;
			children = (
				7463DD651DC3F43F00A5F77A /* NewsTableViewController.swift */,
				7463DD691DC3F50F00A5F77A /* PhotoViewController.swift */,
				74B0BDC91DC6762B009D0256 /* PublicationsViewController.swift */,
				74B0BDCB1DC6763A009D0256 /* ProfileViewController.swift */,
				74B0BDCD1DC6764A009D0256 /* BookmarkViewController.swift */,
				74B0BDCF1DC67663009D0256 /* SettingViewController.swift */,
				7463DD631DC3F3CB00A5F77A /* MenuController.swift */,
				7483F6181DCAB1D500F97DF0 /* ArticleViewController.swift */,
			);
			name = ViewControllers;
			sourceTree = "<group>";
		};
		FA34ED2F1E4F7C7D003651E1 /* Cells */ = {
			isa = PBXGroup;
			children = (
				7463DD671DC3F4B700A5F77A /* NewsTableViewCell.swift */,
				FADEDE121E5396B500048D80 /* TextNewsTableViewCell.swift */,
			);
			name = Cells;
			sourceTree = "<group>";
		};
		FA7DCC5F1E4F75F300C84A73 /* SPARCore */ = {
			isa = PBXGroup;
			children = (
				FA7DCC6C1E4F75F300C84A73 /* Tests */,
				FA7DCC601E4F75F300C84A73 /* SPARCore.h */,
				FA7DCC7C1E4F765200C84A73 /* SPARCDemo.h */,
				FA7DCC7D1E4F765200C84A73 /* SPARCDemo.m */,
				FA7DCC611E4F75F300C84A73 /* Info.plist */,
				C788AD021E50F06700738844 /* GADArticle.h */,
				C788AD031E50F06700738844 /* GADArticle.m */,
				C7EC49CD1E5E4A2B00730C67 /* testArticles.json */,
			);
			path = SPARCore;
			sourceTree = "<group>";
		};
		FA7DCC6C1E4F75F300C84A73 /* Tests */ = {
			isa = PBXGroup;
			children = (
				FA7DCC6D1E4F75F300C84A73 /* SPARCoreTests.m */,
				FA7DCC6F1E4F75F300C84A73 /* Info.plist */,
			);
			name = Tests;
			path = SPARCoreTests;
			sourceTree = SOURCE_ROOT;
		};
/* End PBXGroup section */

/* Begin PBXHeadersBuildPhase section */
		FA7DCC5B1E4F75F300C84A73 /* Headers */ = {
			isa = PBXHeadersBuildPhase;
			buildActionMask = 2147483647;
			files = (
				FA7DCC701E4F75F300C84A73 /* SPARCore.h in Headers */,
				C788AD041E50F06700738844 /* GADArticle.h in Headers */,
				FA7DCC7E1E4F765200C84A73 /* SPARCDemo.h in Headers */,
			);
			runOnlyForDeploymentPostprocessing = 0;
		};
/* End PBXHeadersBuildPhase section */

/* Begin PBXNativeTarget section */
		7463DD291DC3EE5900A5F77A /* Publications */ = {
			isa = PBXNativeTarget;
			buildConfigurationList = 7463DD551DC3EE5A00A5F77A /* Build configuration list for PBXNativeTarget "Publications" */;
			buildPhases = (
				5D971072D143DCCE94ADE9A6 /* [CP] Check Pods Manifest.lock */,
				7463DD261DC3EE5900A5F77A /* Sources */,
				7463DD271DC3EE5900A5F77A /* Frameworks */,
				7463DD281DC3EE5900A5F77A /* Resources */,
				FA7DCC781E4F75F300C84A73 /* Embed Frameworks */,
				D68CE9C5CE9552561FD9C5B6 /* [CP] Embed Pods Frameworks */,
				F044BE3E6204C6D7B293723F /* [CP] Copy Pods Resources */,
			);
			buildRules = (
			);
			dependencies = (
				FA7DCC721E4F75F300C84A73 /* PBXTargetDependency */,
			);
			name = Publications;
			productName = Publications;
			productReference = 7463DD2A1DC3EE5900A5F77A /* Publications.app */;
			productType = "com.apple.product-type.application";
		};
		FA7DCC5D1E4F75F300C84A73 /* SPARCore */ = {
			isa = PBXNativeTarget;
			buildConfigurationList = FA7DCC751E4F75F300C84A73 /* Build configuration list for PBXNativeTarget "SPARCore" */;
			buildPhases = (
				7DB69E8C2EC49832DAAAD551 /* [CP] Check Pods Manifest.lock */,
				FA7DCC591E4F75F300C84A73 /* Sources */,
				FA7DCC5A1E4F75F300C84A73 /* Frameworks */,
				FA7DCC5B1E4F75F300C84A73 /* Headers */,
				FA7DCC5C1E4F75F300C84A73 /* Resources */,
				DE7BD35ABA4257ABDB4B0CBF /* [CP] Copy Pods Resources */,
			);
			buildRules = (
			);
			dependencies = (
			);
			name = SPARCore;
			productName = SPARCore;
			productReference = FA7DCC5E1E4F75F300C84A73 /* SPARCore.framework */;
			productType = "com.apple.product-type.framework";
		};
		FA7DCC651E4F75F300C84A73 /* SPARCoreTests */ = {
			isa = PBXNativeTarget;
			buildConfigurationList = FA7DCC791E4F75F300C84A73 /* Build configuration list for PBXNativeTarget "SPARCoreTests" */;
			buildPhases = (
				ECCBA316F3B306E99BCABC8A /* [CP] Check Pods Manifest.lock */,
				FA7DCC621E4F75F300C84A73 /* Sources */,
				FA7DCC631E4F75F300C84A73 /* Frameworks */,
				FA7DCC641E4F75F300C84A73 /* Resources */,
				B013DB3C627D85E0D5E32FF2 /* [CP] Embed Pods Frameworks */,
				00C8FE5371E13FB0C8FD00C4 /* [CP] Copy Pods Resources */,
			);
			buildRules = (
			);
			dependencies = (
				FA7DCC691E4F75F300C84A73 /* PBXTargetDependency */,
				FA7DCC6B1E4F75F300C84A73 /* PBXTargetDependency */,
			);
			name = SPARCoreTests;
			productName = SPARCoreTests;
			productReference = FA7DCC661E4F75F300C84A73 /* SPARCoreTests.xctest */;
			productType = "com.apple.product-type.bundle.unit-test";
		};
/* End PBXNativeTarget section */

/* Begin PBXProject section */
		7463DD221DC3EE5900A5F77A /* Project object */ = {
			isa = PBXProject;
			attributes = {
				LastSwiftUpdateCheck = 0810;
				LastUpgradeCheck = 0820;
				ORGANIZATIONNAME = comp;
				TargetAttributes = {
					7463DD291DC3EE5900A5F77A = {
						CreatedOnToolsVersion = 8.1;
						LastSwiftMigration = 0810;
						ProvisioningStyle = Automatic;
					};
					FA7DCC5D1E4F75F300C84A73 = {
						CreatedOnToolsVersion = 8.2.1;
						DevelopmentTeam = H69TS4DPUJ;
						ProvisioningStyle = Automatic;
					};
					FA7DCC651E4F75F300C84A73 = {
						CreatedOnToolsVersion = 8.2.1;
						DevelopmentTeam = H69TS4DPUJ;
						ProvisioningStyle = Automatic;
						TestTargetID = 7463DD291DC3EE5900A5F77A;
					};
				};
			};
			buildConfigurationList = 7463DD251DC3EE5900A5F77A /* Build configuration list for PBXProject "Publications" */;
			compatibilityVersion = "Xcode 3.2";
			developmentRegion = English;
			hasScannedForEncodings = 0;
			knownRegions = (
				en,
				Base,
			);
			mainGroup = 7463DD211DC3EE5900A5F77A;
			productRefGroup = 7463DD2B1DC3EE5900A5F77A /* Products */;
			projectDirPath = "";
			projectRoot = "";
			targets = (
				7463DD291DC3EE5900A5F77A /* Publications */,
				FA7DCC5D1E4F75F300C84A73 /* SPARCore */,
				FA7DCC651E4F75F300C84A73 /* SPARCoreTests */,
			);
		};
/* End PBXProject section */

/* Begin PBXResourcesBuildPhase section */
		7463DD281DC3EE5900A5F77A /* Resources */ = {
			isa = PBXResourcesBuildPhase;
			buildActionMask = 2147483647;
			files = (
				7463DD3B1DC3EE5900A5F77A /* LaunchScreen.storyboard in Resources */,
				FA26FF3C1E4F71FB00A346CC /* Assets.xcassets in Resources */,
				7463DD331DC3EE5900A5F77A /* Main.storyboard in Resources */,
			);
			runOnlyForDeploymentPostprocessing = 0;
		};
		FA7DCC5C1E4F75F300C84A73 /* Resources */ = {
			isa = PBXResourcesBuildPhase;
			buildActionMask = 2147483647;
			files = (
				C7EC49CE1E5E4A2B00730C67 /* testArticles.json in Resources */,
			);
			runOnlyForDeploymentPostprocessing = 0;
		};
		FA7DCC641E4F75F300C84A73 /* Resources */ = {
			isa = PBXResourcesBuildPhase;
			buildActionMask = 2147483647;
			files = (
			);
			runOnlyForDeploymentPostprocessing = 0;
		};
/* End PBXResourcesBuildPhase section */

/* Begin PBXShellScriptBuildPhase section */
		00C8FE5371E13FB0C8FD00C4 /* [CP] Copy Pods Resources */ = {
			isa = PBXShellScriptBuildPhase;
			buildActionMask = 2147483647;
			files = (
			);
			inputPaths = (
			);
			name = "[CP] Copy Pods Resources";
			outputPaths = (
			);
			runOnlyForDeploymentPostprocessing = 0;
			shellPath = /bin/sh;
			shellScript = "\"${SRCROOT}/Pods/Target Support Files/Pods-SPARCoreTests/Pods-SPARCoreTests-resources.sh\"\n";
			showEnvVarsInLog = 0;
		};
		5D971072D143DCCE94ADE9A6 /* [CP] Check Pods Manifest.lock */ = {
			isa = PBXShellScriptBuildPhase;
			buildActionMask = 2147483647;
			files = (
			);
			inputPaths = (
			);
			name = "[CP] Check Pods Manifest.lock";
			outputPaths = (
			);
			runOnlyForDeploymentPostprocessing = 0;
			shellPath = /bin/sh;
			shellScript = "diff \"${PODS_ROOT}/../Podfile.lock\" \"${PODS_ROOT}/Manifest.lock\" > /dev/null\nif [ $? != 0 ] ; then\n    # print error to STDERR\n    echo \"error: The sandbox is not in sync with the Podfile.lock. Run 'pod install' or update your CocoaPods installation.\" >&2\n    exit 1\nfi\n";
			showEnvVarsInLog = 0;
		};
		7DB69E8C2EC49832DAAAD551 /* [CP] Check Pods Manifest.lock */ = {
			isa = PBXShellScriptBuildPhase;
			buildActionMask = 2147483647;
			files = (
			);
			inputPaths = (
			);
			name = "[CP] Check Pods Manifest.lock";
			outputPaths = (
			);
			runOnlyForDeploymentPostprocessing = 0;
			shellPath = /bin/sh;
			shellScript = "diff \"${PODS_ROOT}/../Podfile.lock\" \"${PODS_ROOT}/Manifest.lock\" > /dev/null\nif [ $? != 0 ] ; then\n    # print error to STDERR\n    echo \"error: The sandbox is not in sync with the Podfile.lock. Run 'pod install' or update your CocoaPods installation.\" >&2\n    exit 1\nfi\n";
			showEnvVarsInLog = 0;
		};
		B013DB3C627D85E0D5E32FF2 /* [CP] Embed Pods Frameworks */ = {
			isa = PBXShellScriptBuildPhase;
			buildActionMask = 2147483647;
			files = (
			);
			inputPaths = (
			);
			name = "[CP] Embed Pods Frameworks";
			outputPaths = (
			);
			runOnlyForDeploymentPostprocessing = 0;
			shellPath = /bin/sh;
			shellScript = "\"${SRCROOT}/Pods/Target Support Files/Pods-SPARCoreTests/Pods-SPARCoreTests-frameworks.sh\"\n";
			showEnvVarsInLog = 0;
		};
		D68CE9C5CE9552561FD9C5B6 /* [CP] Embed Pods Frameworks */ = {
			isa = PBXShellScriptBuildPhase;
			buildActionMask = 2147483647;
			files = (
			);
			inputPaths = (
			);
			name = "[CP] Embed Pods Frameworks";
			outputPaths = (
			);
			runOnlyForDeploymentPostprocessing = 0;
			shellPath = /bin/sh;
			shellScript = "\"${SRCROOT}/Pods/Target Support Files/Pods-Publications/Pods-Publications-frameworks.sh\"\n";
			showEnvVarsInLog = 0;
		};
		DE7BD35ABA4257ABDB4B0CBF /* [CP] Copy Pods Resources */ = {
			isa = PBXShellScriptBuildPhase;
			buildActionMask = 2147483647;
			files = (
			);
			inputPaths = (
			);
			name = "[CP] Copy Pods Resources";
			outputPaths = (
			);
			runOnlyForDeploymentPostprocessing = 0;
			shellPath = /bin/sh;
			shellScript = "\"${SRCROOT}/Pods/Target Support Files/Pods-SPARCore/Pods-SPARCore-resources.sh\"\n";
			showEnvVarsInLog = 0;
		};
		ECCBA316F3B306E99BCABC8A /* [CP] Check Pods Manifest.lock */ = {
			isa = PBXShellScriptBuildPhase;
			buildActionMask = 2147483647;
			files = (
			);
			inputPaths = (
			);
			name = "[CP] Check Pods Manifest.lock";
			outputPaths = (
			);
			runOnlyForDeploymentPostprocessing = 0;
			shellPath = /bin/sh;
			shellScript = "diff \"${PODS_ROOT}/../Podfile.lock\" \"${PODS_ROOT}/Manifest.lock\" > /dev/null\nif [ $? != 0 ] ; then\n    # print error to STDERR\n    echo \"error: The sandbox is not in sync with the Podfile.lock. Run 'pod install' or update your CocoaPods installation.\" >&2\n    exit 1\nfi\n";
			showEnvVarsInLog = 0;
		};
		F044BE3E6204C6D7B293723F /* [CP] Copy Pods Resources */ = {
			isa = PBXShellScriptBuildPhase;
			buildActionMask = 2147483647;
			files = (
			);
			inputPaths = (
			);
			name = "[CP] Copy Pods Resources";
			outputPaths = (
			);
			runOnlyForDeploymentPostprocessing = 0;
			shellPath = /bin/sh;
			shellScript = "\"${SRCROOT}/Pods/Target Support Files/Pods-Publications/Pods-Publications-resources.sh\"\n";
			showEnvVarsInLog = 0;
		};
/* End PBXShellScriptBuildPhase section */

/* Begin PBXSourcesBuildPhase section */
		7463DD261DC3EE5900A5F77A /* Sources */ = {
			isa = PBXSourcesBuildPhase;
			buildActionMask = 2147483647;
			files = (
				FA7DCC581E4F739900C84A73 /* AppDelegate.swift in Sources */,
				FA7DCC501E4F730D00C84A73 /* ProfileViewController.swift in Sources */,
				FA7DCC4F1E4F730D00C84A73 /* PublicationsViewController.swift in Sources */,
				FA7DCC4C1E4F730D00C84A73 /* NewsTableViewController.swift in Sources */,
				FA7DCC561E4F733000C84A73 /* Publications.xcdatamodeld in Sources */,
				FA7DCC521E4F730D00C84A73 /* SettingViewController.swift in Sources */,
				FA7DCC531E4F730D00C84A73 /* ArticleViewController.swift in Sources */,
				FA7DCC511E4F730D00C84A73 /* BookmarkViewController.swift in Sources */,
				FA7DCC4E1E4F730D00C84A73 /* PhotoViewController.swift in Sources */,
				FA7DCC4B1E4F730D00C84A73 /* MenuController.swift in Sources */,
				FA7DCC4D1E4F730D00C84A73 /* NewsTableViewCell.swift in Sources */,
				FADEDE131E5396B500048D80 /* TextNewsTableViewCell.swift in Sources */,
			);
			runOnlyForDeploymentPostprocessing = 0;
		};
		FA7DCC591E4F75F300C84A73 /* Sources */ = {
			isa = PBXSourcesBuildPhase;
			buildActionMask = 2147483647;
			files = (
				FA7DCC7F1E4F765200C84A73 /* SPARCDemo.m in Sources */,
				C788AD051E50F06700738844 /* GADArticle.m in Sources */,
			);
			runOnlyForDeploymentPostprocessing = 0;
		};
		FA7DCC621E4F75F300C84A73 /* Sources */ = {
			isa = PBXSourcesBuildPhase;
			buildActionMask = 2147483647;
			files = (
				FA7DCC6E1E4F75F300C84A73 /* SPARCoreTests.m in Sources */,
			);
			runOnlyForDeploymentPostprocessing = 0;
		};
/* End PBXSourcesBuildPhase section */

/* Begin PBXTargetDependency section */
		FA7DCC691E4F75F300C84A73 /* PBXTargetDependency */ = {
			isa = PBXTargetDependency;
			target = FA7DCC5D1E4F75F300C84A73 /* SPARCore */;
			targetProxy = FA7DCC681E4F75F300C84A73 /* PBXContainerItemProxy */;
		};
		FA7DCC6B1E4F75F300C84A73 /* PBXTargetDependency */ = {
			isa = PBXTargetDependency;
			target = 7463DD291DC3EE5900A5F77A /* Publications */;
			targetProxy = FA7DCC6A1E4F75F300C84A73 /* PBXContainerItemProxy */;
		};
		FA7DCC721E4F75F300C84A73 /* PBXTargetDependency */ = {
			isa = PBXTargetDependency;
			target = FA7DCC5D1E4F75F300C84A73 /* SPARCore */;
			targetProxy = FA7DCC711E4F75F300C84A73 /* PBXContainerItemProxy */;
		};
/* End PBXTargetDependency section */

/* Begin PBXVariantGroup section */
		7463DD311DC3EE5900A5F77A /* Main.storyboard */ = {
			isa = PBXVariantGroup;
			children = (
				7463DD321DC3EE5900A5F77A /* Base */,
			);
			name = Main.storyboard;
			sourceTree = "<group>";
		};
		7463DD391DC3EE5900A5F77A /* LaunchScreen.storyboard */ = {
			isa = PBXVariantGroup;
			children = (
				7463DD3A1DC3EE5900A5F77A /* Base */,
			);
			name = LaunchScreen.storyboard;
			sourceTree = "<group>";
		};
/* End PBXVariantGroup section */

/* Begin XCBuildConfiguration section */
		7463DD531DC3EE5A00A5F77A /* Debug */ = {
			isa = XCBuildConfiguration;
			buildSettings = {
				ALWAYS_SEARCH_USER_PATHS = NO;
				CLANG_ANALYZER_NONNULL = YES;
				CLANG_CXX_LANGUAGE_STANDARD = "gnu++0x";
				CLANG_CXX_LIBRARY = "libc++";
				CLANG_ENABLE_MODULES = YES;
				CLANG_ENABLE_OBJC_ARC = YES;
				CLANG_WARN_BOOL_CONVERSION = YES;
				CLANG_WARN_CONSTANT_CONVERSION = YES;
				CLANG_WARN_DIRECT_OBJC_ISA_USAGE = YES_ERROR;
				CLANG_WARN_DOCUMENTATION_COMMENTS = YES;
				CLANG_WARN_EMPTY_BODY = YES;
				CLANG_WARN_ENUM_CONVERSION = YES;
				CLANG_WARN_INFINITE_RECURSION = YES;
				CLANG_WARN_INT_CONVERSION = YES;
				CLANG_WARN_OBJC_ROOT_CLASS = YES_ERROR;
				CLANG_WARN_SUSPICIOUS_MOVE = YES;
				CLANG_WARN_SUSPICIOUS_MOVES = YES;
				CLANG_WARN_UNREACHABLE_CODE = YES;
				CLANG_WARN__DUPLICATE_METHOD_MATCH = YES;
				"CODE_SIGN_IDENTITY[sdk=iphoneos*]" = "iPhone Developer";
				COPY_PHASE_STRIP = NO;
				DEBUG_INFORMATION_FORMAT = dwarf;
				ENABLE_STRICT_OBJC_MSGSEND = YES;
				ENABLE_TESTABILITY = YES;
				GCC_C_LANGUAGE_STANDARD = gnu99;
				GCC_DYNAMIC_NO_PIC = NO;
				GCC_NO_COMMON_BLOCKS = YES;
				GCC_OPTIMIZATION_LEVEL = 0;
				GCC_PREPROCESSOR_DEFINITIONS = (
					"DEBUG=1",
					"$(inherited)",
				);
				GCC_WARN_64_TO_32_BIT_CONVERSION = YES;
				GCC_WARN_ABOUT_RETURN_TYPE = YES_ERROR;
				GCC_WARN_UNDECLARED_SELECTOR = YES;
				GCC_WARN_UNINITIALIZED_AUTOS = YES_AGGRESSIVE;
				GCC_WARN_UNUSED_FUNCTION = YES;
				GCC_WARN_UNUSED_VARIABLE = YES;
				IPHONEOS_DEPLOYMENT_TARGET = 10.1;
				MTL_ENABLE_DEBUG_INFO = YES;
				ONLY_ACTIVE_ARCH = YES;
				SDKROOT = iphoneos;
				SWIFT_ACTIVE_COMPILATION_CONDITIONS = DEBUG;
				SWIFT_OPTIMIZATION_LEVEL = "-Onone";
				TARGETED_DEVICE_FAMILY = "1,2";
			};
			name = Debug;
		};
		7463DD541DC3EE5A00A5F77A /* Release */ = {
			isa = XCBuildConfiguration;
			buildSettings = {
				ALWAYS_SEARCH_USER_PATHS = NO;
				CLANG_ANALYZER_NONNULL = YES;
				CLANG_CXX_LANGUAGE_STANDARD = "gnu++0x";
				CLANG_CXX_LIBRARY = "libc++";
				CLANG_ENABLE_MODULES = YES;
				CLANG_ENABLE_OBJC_ARC = YES;
				CLANG_WARN_BOOL_CONVERSION = YES;
				CLANG_WARN_CONSTANT_CONVERSION = YES;
				CLANG_WARN_DIRECT_OBJC_ISA_USAGE = YES_ERROR;
				CLANG_WARN_DOCUMENTATION_COMMENTS = YES;
				CLANG_WARN_EMPTY_BODY = YES;
				CLANG_WARN_ENUM_CONVERSION = YES;
				CLANG_WARN_INFINITE_RECURSION = YES;
				CLANG_WARN_INT_CONVERSION = YES;
				CLANG_WARN_OBJC_ROOT_CLASS = YES_ERROR;
				CLANG_WARN_SUSPICIOUS_MOVE = YES;
				CLANG_WARN_SUSPICIOUS_MOVES = YES;
				CLANG_WARN_UNREACHABLE_CODE = YES;
				CLANG_WARN__DUPLICATE_METHOD_MATCH = YES;
				"CODE_SIGN_IDENTITY[sdk=iphoneos*]" = "iPhone Developer";
				COPY_PHASE_STRIP = NO;
				DEBUG_INFORMATION_FORMAT = "dwarf-with-dsym";
				ENABLE_NS_ASSERTIONS = NO;
				ENABLE_STRICT_OBJC_MSGSEND = YES;
				GCC_C_LANGUAGE_STANDARD = gnu99;
				GCC_NO_COMMON_BLOCKS = YES;
				GCC_WARN_64_TO_32_BIT_CONVERSION = YES;
				GCC_WARN_ABOUT_RETURN_TYPE = YES_ERROR;
				GCC_WARN_UNDECLARED_SELECTOR = YES;
				GCC_WARN_UNINITIALIZED_AUTOS = YES_AGGRESSIVE;
				GCC_WARN_UNUSED_FUNCTION = YES;
				GCC_WARN_UNUSED_VARIABLE = YES;
				IPHONEOS_DEPLOYMENT_TARGET = 10.1;
				MTL_ENABLE_DEBUG_INFO = NO;
				SDKROOT = iphoneos;
				SWIFT_OPTIMIZATION_LEVEL = "-Owholemodule";
				TARGETED_DEVICE_FAMILY = "1,2";
				VALIDATE_PRODUCT = YES;
			};
			name = Release;
		};
		7463DD561DC3EE5A00A5F77A /* Debug */ = {
			isa = XCBuildConfiguration;
			baseConfigurationReference = AEAC1733BFDE505F1BFFBEE0 /* Pods-Publications.debug.xcconfig */;
			buildSettings = {
				ASSETCATALOG_COMPILER_APPICON_NAME = AppIcon;
				CLANG_ENABLE_MODULES = YES;
				DEVELOPMENT_TEAM = "";
				INFOPLIST_FILE = Publications/Info.plist;
				LD_RUNPATH_SEARCH_PATHS = "$(inherited) @executable_path/Frameworks";
				PRODUCT_BUNDLE_IDENTIFIER = edu.grinnell.appdev.publications;
				PRODUCT_NAME = "$(TARGET_NAME)";
				SWIFT_OBJC_BRIDGING_HEADER = "Publications/Bridging-Header.h";
				SWIFT_OPTIMIZATION_LEVEL = "-Onone";
				SWIFT_VERSION = 3.0;
				TARGETED_DEVICE_FAMILY = 1;
			};
			name = Debug;
		};
		7463DD571DC3EE5A00A5F77A /* Release */ = {
			isa = XCBuildConfiguration;
			baseConfigurationReference = A1B7F5996606B3C5D5769CB5 /* Pods-Publications.release.xcconfig */;
			buildSettings = {
				ASSETCATALOG_COMPILER_APPICON_NAME = AppIcon;
				CLANG_ENABLE_MODULES = YES;
				DEVELOPMENT_TEAM = "";
				INFOPLIST_FILE = Publications/Info.plist;
				LD_RUNPATH_SEARCH_PATHS = "$(inherited) @executable_path/Frameworks";
				PRODUCT_BUNDLE_IDENTIFIER = edu.grinnell.appdev.publications;
				PRODUCT_NAME = "$(TARGET_NAME)";
				SWIFT_OBJC_BRIDGING_HEADER = "Publications/Bridging-Header.h";
				SWIFT_VERSION = 3.0;
				TARGETED_DEVICE_FAMILY = 1;
			};
			name = Release;
		};
		FA7DCC761E4F75F300C84A73 /* Debug */ = {
			isa = XCBuildConfiguration;
			baseConfigurationReference = 5C60243482D619345316D69A /* Pods-SPARCore.debug.xcconfig */;
			buildSettings = {
				CLANG_WARN_SUSPICIOUS_MOVE = YES;
				CODE_SIGN_IDENTITY = "";
				CURRENT_PROJECT_VERSION = 1;
				DEFINES_MODULE = YES;
				DEVELOPMENT_TEAM = H69TS4DPUJ;
				DYLIB_COMPATIBILITY_VERSION = 1;
				DYLIB_CURRENT_VERSION = 1;
				DYLIB_INSTALL_NAME_BASE = "@rpath";
				INFOPLIST_FILE = SPARCore/Info.plist;
				INSTALL_PATH = "$(LOCAL_LIBRARY_DIR)/Frameworks";
				IPHONEOS_DEPLOYMENT_TARGET = 10.2;
				LD_RUNPATH_SEARCH_PATHS = "$(inherited) @executable_path/Frameworks @loader_path/Frameworks";
				PRODUCT_BUNDLE_IDENTIFIER = edu.grinnell.appdev.publications.SPARCore;
				PRODUCT_NAME = "$(TARGET_NAME)";
				SKIP_INSTALL = YES;
				VERSIONING_SYSTEM = "apple-generic";
				VERSION_INFO_PREFIX = "";
			};
			name = Debug;
		};
		FA7DCC771E4F75F300C84A73 /* Release */ = {
			isa = XCBuildConfiguration;
			baseConfigurationReference = 41F948B420585C287B279280 /* Pods-SPARCore.release.xcconfig */;
			buildSettings = {
				CLANG_WARN_SUSPICIOUS_MOVE = YES;
				CODE_SIGN_IDENTITY = "";
				CURRENT_PROJECT_VERSION = 1;
				DEFINES_MODULE = YES;
				DEVELOPMENT_TEAM = H69TS4DPUJ;
				DYLIB_COMPATIBILITY_VERSION = 1;
				DYLIB_CURRENT_VERSION = 1;
				DYLIB_INSTALL_NAME_BASE = "@rpath";
				INFOPLIST_FILE = SPARCore/Info.plist;
				INSTALL_PATH = "$(LOCAL_LIBRARY_DIR)/Frameworks";
				IPHONEOS_DEPLOYMENT_TARGET = 10.2;
				LD_RUNPATH_SEARCH_PATHS = "$(inherited) @executable_path/Frameworks @loader_path/Frameworks";
				PRODUCT_BUNDLE_IDENTIFIER = edu.grinnell.appdev.publications.SPARCore;
				PRODUCT_NAME = "$(TARGET_NAME)";
				SKIP_INSTALL = YES;
				VERSIONING_SYSTEM = "apple-generic";
				VERSION_INFO_PREFIX = "";
			};
			name = Release;
		};
		FA7DCC7A1E4F75F300C84A73 /* Debug */ = {
			isa = XCBuildConfiguration;
			baseConfigurationReference = 34E556C7C718DC75C6BB785C /* Pods-SPARCoreTests.debug.xcconfig */;
			buildSettings = {
				ALWAYS_EMBED_SWIFT_STANDARD_LIBRARIES = YES;
				CLANG_WARN_SUSPICIOUS_MOVE = YES;
				DEVELOPMENT_TEAM = H69TS4DPUJ;
				INFOPLIST_FILE = SPARCoreTests/Info.plist;
				IPHONEOS_DEPLOYMENT_TARGET = 10.2;
				LD_RUNPATH_SEARCH_PATHS = "$(inherited) @executable_path/Frameworks @loader_path/Frameworks";
				PRODUCT_BUNDLE_IDENTIFIER = edu.grinnell.appdev.publications.SPARCoreTests;
				PRODUCT_NAME = "$(TARGET_NAME)";
				TEST_HOST = "$(BUILT_PRODUCTS_DIR)/Publications.app/Publications";
			};
			name = Debug;
		};
		FA7DCC7B1E4F75F300C84A73 /* Release */ = {
			isa = XCBuildConfiguration;
			baseConfigurationReference = 0A0C2C1A6E9AFB8CAE0C2C35 /* Pods-SPARCoreTests.release.xcconfig */;
			buildSettings = {
				ALWAYS_EMBED_SWIFT_STANDARD_LIBRARIES = YES;
				CLANG_WARN_SUSPICIOUS_MOVE = YES;
				DEVELOPMENT_TEAM = H69TS4DPUJ;
				INFOPLIST_FILE = SPARCoreTests/Info.plist;
				IPHONEOS_DEPLOYMENT_TARGET = 10.2;
				LD_RUNPATH_SEARCH_PATHS = "$(inherited) @executable_path/Frameworks @loader_path/Frameworks";
				PRODUCT_BUNDLE_IDENTIFIER = edu.grinnell.appdev.publications.SPARCoreTests;
				PRODUCT_NAME = "$(TARGET_NAME)";
				TEST_HOST = "$(BUILT_PRODUCTS_DIR)/Publications.app/Publications";
			};
			name = Release;
		};
/* End XCBuildConfiguration section */

/* Begin XCConfigurationList section */
		7463DD251DC3EE5900A5F77A /* Build configuration list for PBXProject "Publications" */ = {
			isa = XCConfigurationList;
			buildConfigurations = (
				7463DD531DC3EE5A00A5F77A /* Debug */,
				7463DD541DC3EE5A00A5F77A /* Release */,
			);
			defaultConfigurationIsVisible = 0;
			defaultConfigurationName = Release;
		};
		7463DD551DC3EE5A00A5F77A /* Build configuration list for PBXNativeTarget "Publications" */ = {
			isa = XCConfigurationList;
			buildConfigurations = (
				7463DD561DC3EE5A00A5F77A /* Debug */,
				7463DD571DC3EE5A00A5F77A /* Release */,
			);
			defaultConfigurationIsVisible = 0;
			defaultConfigurationName = Release;
		};
		FA7DCC751E4F75F300C84A73 /* Build configuration list for PBXNativeTarget "SPARCore" */ = {
			isa = XCConfigurationList;
			buildConfigurations = (
				FA7DCC761E4F75F300C84A73 /* Debug */,
				FA7DCC771E4F75F300C84A73 /* Release */,
			);
			defaultConfigurationIsVisible = 0;
			defaultConfigurationName = Release;
		};
		FA7DCC791E4F75F300C84A73 /* Build configuration list for PBXNativeTarget "SPARCoreTests" */ = {
			isa = XCConfigurationList;
			buildConfigurations = (
				FA7DCC7A1E4F75F300C84A73 /* Debug */,
				FA7DCC7B1E4F75F300C84A73 /* Release */,
			);
			defaultConfigurationIsVisible = 0;
			defaultConfigurationName = Release;
		};
/* End XCConfigurationList section */

/* Begin XCVersionGroup section */
		FA6BF14B1E4F653D008FB165 /* Publications.xcdatamodeld */ = {
			isa = XCVersionGroup;
			children = (
				FA6BF14C1E4F653D008FB165 /* Publications.xcdatamodel */,
			);
			currentVersion = FA6BF14C1E4F653D008FB165 /* Publications.xcdatamodel */;
			name = Publications.xcdatamodeld;
			path = ../Publications/Publications.xcdatamodeld;
			sourceTree = "<group>";
			versionGroupType = wrapper.xcdatamodel;
		};
/* End XCVersionGroup section */
	};
	rootObject = 7463DD221DC3EE5900A5F77A /* Project object */;
}
