PODS:
  - Answers (1.3.4):
    - Fabric (~> 1.6.3)
  - Fabric (1.6.11)
  - SWRevealViewController (2.3.0)

DEPENDENCIES:
  - Answers
  - Fabric
  - SWRevealViewController (~> 2.3)

SPEC CHECKSUMS:
  Answers: 6a4d22973d8550808630a55f526055c9eb6d39a2
  Fabric: 5911403591946b8228ab1c51d98f1d7137e863c6
  SWRevealViewController: 6d3fd97f70112fd7cef9de14df4260eacce4c63a

PODFILE CHECKSUM: 88fd999a930152b6526b81b121f8125d98732d0d

COCOAPODS: 1.2.1
