PODS:
  - Crashlytics (3.8.5):
    - Fabric (~> 1.6.3)
  - Fabric (1.6.11)
  - SWRevealViewController (2.3.0)

DEPENDENCIES:
  - Crashlytics
  - Fabric
  - SWRevealViewController (~> 2.3)

SPEC CHECKSUMS:
  Crashlytics: dfbae35ef22ca189240d230ad501feea4ee85d2d
  Fabric: 5911403591946b8228ab1c51d98f1d7137e863c6
  SWRevealViewController: 6d3fd97f70112fd7cef9de14df4260eacce4c63a

PODFILE CHECKSUM: 2474caf28b4ad9c626ba9c145a611025e0f368da

COCOAPODS: 1.3.1
